
Microsoft Visual Studio Solution File, Format Version 12.00
# Visual Studio Version 16
VisualStudioVersion = 16.0.30128.74
MinimumVisualStudioVersion = 10.0.40219.1
Project("{FAE04EC0-301F-11D3-BF4B-00C04F79EFBC}") = "acilis_admin", "acilis_admin\acilis_admin.csproj", "{247E36C9-DA47-4B4D-BEE7-1251A8E856E6}"
EndProject
Global
	GlobalSection(SolutionConfigurationPlatforms) = preSolution
		Debug|Any CPU = Debug|Any CPU
		Release|Any CPU = Release|Any CPU
	EndGlobalSection
	GlobalSection(ProjectConfigurationPlatforms) = postSolution
		{247E36C9-DA47-4B4D-BEE7-1251A8E856E6}.Debug|Any CPU.ActiveCfg = Debug|Any CPU
		{247E36C9-DA47-4B4D-BEE7-1251A8E856E6}.Debug|Any CPU.Build.0 = Debug|Any CPU
		{247E36C9-DA47-4B4D-BEE7-1251A8E856E6}.Release|Any CPU.ActiveCfg = Release|Any CPU
		{247E36C9-DA47-4B4D-BEE7-1251A8E856E6}.Release|Any CPU.Build.0 = Release|Any CPU
	EndGlobalSection
	GlobalSection(SolutionProperties) = preSolution
		HideSolutionNode = FALSE
	EndGlobalSection
	GlobalSection(ExtensibilityGlobals) = postSolution
		SolutionGuid = {5A11FFC7-987E-43E9-92BA-D4A59A31DA25}
	EndGlobalSection
EndGlobal
